// !$*UTF8*$!
{
	archiveVersion = 1;
	classes = {
	};
	objectVersion = 46;
	objects = {

/* Begin PBXBuildFile section */
		481D07621D5A08DF0099CEDF /* AppDelegate.swift in Sources */ = {isa = PBXBuildFile; fileRef = 481D07611D5A08DF0099CEDF /* AppDelegate.swift */; };
		481D07641D5A08DF0099CEDF /* ViewController.swift in Sources */ = {isa = PBXBuildFile; fileRef = 481D07631D5A08DF0099CEDF /* ViewController.swift */; };
		481D07671D5A08DF0099CEDF /* Main.storyboard in Resources */ = {isa = PBXBuildFile; fileRef = 481D07651D5A08DF0099CEDF /* Main.storyboard */; };
		481D07691D5A08DF0099CEDF /* Assets.xcassets in Resources */ = {isa = PBXBuildFile; fileRef = 481D07681D5A08DF0099CEDF /* Assets.xcassets */; };
		481D076C1D5A08DF0099CEDF /* LaunchScreen.storyboard in Resources */ = {isa = PBXBuildFile; fileRef = 481D076A1D5A08DF0099CEDF /* LaunchScreen.storyboard */; };
		481D078A1D5A09E00099CEDF /* PuzzleMaker.framework in Frameworks */ = {isa = PBXBuildFile; fileRef = 481D07871D5A099B0099CEDF /* PuzzleMaker.framework */; };
		481D078B1D5A09E00099CEDF /* PuzzleMaker.framework in Embed Frameworks */ = {isa = PBXBuildFile; fileRef = 481D07871D5A099B0099CEDF /* PuzzleMaker.framework */; settings = {ATTRIBUTES = (CodeSignOnCopy, RemoveHeadersOnCopy, ); }; };
/* End PBXBuildFile section */

/* Begin PBXContainerItemProxy section */
		481D07861D5A099B0099CEDF /* PBXContainerItemProxy */ = {
			isa = PBXContainerItemProxy;
			containerPortal = 481D07821D5A099B0099CEDF /* PuzzleMaker.xcodeproj */;
			proxyType = 2;
			remoteGlobalIDString = 48DC7DCC1D59E3260024C008;
			remoteInfo = "PuzzleMaker iOS";
		};
		481D078C1D5A09E00099CEDF /* PBXContainerItemProxy */ = {
			isa = PBXContainerItemProxy;
			containerPortal = 481D07821D5A099B0099CEDF /* PuzzleMaker.xcodeproj */;
			proxyType = 1;
			remoteGlobalIDString = 48DC7DCB1D59E3260024C008;
			remoteInfo = "PuzzleMaker iOS";
		};
		4873FCEE1D893BDC00BB83AF /* PBXContainerItemProxy */ = {
			isa = PBXContainerItemProxy;
			containerPortal = 481D07821D5A099B0099CEDF /* PuzzleMaker.xcodeproj */;
			proxyType = 2;
			remoteGlobalIDString = 48BAFF441D5CA4FC00AE346A;
			remoteInfo = PuzzleMakerTests;
		};
/* End PBXContainerItemProxy section */

/* Begin PBXCopyFilesBuildPhase section */
		481D078E1D5A09E00099CEDF /* Embed Frameworks */ = {
			isa = PBXCopyFilesBuildPhase;
			buildActionMask = 2147483647;
			dstPath = "";
			dstSubfolderSpec = 10;
			files = (
				481D078B1D5A09E00099CEDF /* PuzzleMaker.framework in Embed Frameworks */,
			);
			name = "Embed Frameworks";
			runOnlyForDeploymentPostprocessing = 0;
		};
/* End PBXCopyFilesBuildPhase section */

/* Begin PBXFileReference section */
		481D075E1D5A08DE0099CEDF /* iOS Example.app */ = {isa = PBXFileReference; explicitFileType = wrapper.application; includeInIndex = 0; path = "iOS Example.app"; sourceTree = BUILT_PRODUCTS_DIR; };
		481D07611D5A08DF0099CEDF /* AppDelegate.swift */ = {isa = PBXFileReference; lastKnownFileType = sourcecode.swift; path = AppDelegate.swift; sourceTree = "<group>"; };
		481D07631D5A08DF0099CEDF /* ViewController.swift */ = {isa = PBXFileReference; lastKnownFileType = sourcecode.swift; path = ViewController.swift; sourceTree = "<group>"; };
		481D07661D5A08DF0099CEDF /* Base */ = {isa = PBXFileReference; lastKnownFileType = file.storyboard; name = Base; path = Base.lproj/Main.storyboard; sourceTree = "<group>"; };
		481D07681D5A08DF0099CEDF /* Assets.xcassets */ = {isa = PBXFileReference; lastKnownFileType = folder.assetcatalog; path = Assets.xcassets; sourceTree = "<group>"; };
		481D076B1D5A08DF0099CEDF /* Base */ = {isa = PBXFileReference; lastKnownFileType = file.storyboard; name = Base; path = Base.lproj/LaunchScreen.storyboard; sourceTree = "<group>"; };
		481D076D1D5A08DF0099CEDF /* Info.plist */ = {isa = PBXFileReference; lastKnownFileType = text.plist.xml; path = Info.plist; sourceTree = "<group>"; };
		481D07821D5A099B0099CEDF /* PuzzleMaker.xcodeproj */ = {isa = PBXFileReference; lastKnownFileType = "wrapper.pb-project"; name = PuzzleMaker.xcodeproj; path = ../PuzzleMaker.xcodeproj; sourceTree = "<group>"; };
/* End PBXFileReference section */

/* Begin PBXFrameworksBuildPhase section */
		481D075B1D5A08DE0099CEDF /* Frameworks */ = {
			isa = PBXFrameworksBuildPhase;
			buildActionMask = 2147483647;
			files = (
				481D078A1D5A09E00099CEDF /* PuzzleMaker.framework in Frameworks */,
			);
			runOnlyForDeploymentPostprocessing = 0;
		};
/* End PBXFrameworksBuildPhase section */

/* Begin PBXGroup section */
		481D07551D5A08DE0099CEDF = {
			isa = PBXGroup;
			children = (
				481D07601D5A08DF0099CEDF /* iOS Example */,
				481D075F1D5A08DE0099CEDF /* Products */,
				481D07821D5A099B0099CEDF /* PuzzleMaker.xcodeproj */,
			);
			sourceTree = "<group>";
		};
		481D075F1D5A08DE0099CEDF /* Products */ = {
			isa = PBXGroup;
			children = (
				481D075E1D5A08DE0099CEDF /* iOS Example.app */,
			);
			name = Products;
			sourceTree = "<group>";
		};
		481D07601D5A08DF0099CEDF /* iOS Example */ = {
			isa = PBXGroup;
			children = (
				481D07611D5A08DF0099CEDF /* AppDelegate.swift */,
				481D07631D5A08DF0099CEDF /* ViewController.swift */,
				481D07651D5A08DF0099CEDF /* Main.storyboard */,
				481D07681D5A08DF0099CEDF /* Assets.xcassets */,
				481D076A1D5A08DF0099CEDF /* LaunchScreen.storyboard */,
				481D076D1D5A08DF0099CEDF /* Info.plist */,
			);
			path = "iOS Example";
			sourceTree = "<group>";
		};
		481D07831D5A099B0099CEDF /* Products */ = {
			isa = PBXGroup;
			children = (
				481D07871D5A099B0099CEDF /* PuzzleMaker.framework */,
				4873FCEF1D893BDC00BB83AF /* PuzzleMakerTests.xctest */,
			);
			name = Products;
			sourceTree = "<group>";
		};
/* End PBXGroup section */

/* Begin PBXNativeTarget section */
		481D075D1D5A08DE0099CEDF /* iOS Example */ = {
			isa = PBXNativeTarget;
			buildConfigurationList = 481D07701D5A08DF0099CEDF /* Build configuration list for PBXNativeTarget "iOS Example" */;
			buildPhases = (
				481D075A1D5A08DE0099CEDF /* Sources */,
				481D075B1D5A08DE0099CEDF /* Frameworks */,
				481D075C1D5A08DE0099CEDF /* Resources */,
				481D078E1D5A09E00099CEDF /* Embed Frameworks */,
			);
			buildRules = (
			);
			dependencies = (
				481D078D1D5A09E00099CEDF /* PBXTargetDependency */,
			);
			name = "iOS Example";
			productName = "iOS Example";
			productReference = 481D075E1D5A08DE0099CEDF /* iOS Example.app */;
			productType = "com.apple.product-type.application";
		};
/* End PBXNativeTarget section */

/* Begin PBXProject section */
		481D07561D5A08DE0099CEDF /* Project object */ = {
			isa = PBXProject;
			attributes = {
				LastSwiftUpdateCheck = 0730;
				LastUpgradeCheck = 1020;
				ORGANIZATIONNAME = "Paweł Kania";
				TargetAttributes = {
					481D075D1D5A08DE0099CEDF = {
						CreatedOnToolsVersion = 7.3.1;
						LastSwiftMigration = 1020;
						ProvisioningStyle = Automatic;
					};
				};
			};
			buildConfigurationList = 481D07591D5A08DE0099CEDF /* Build configuration list for PBXProject "iOS Example" */;
			compatibilityVersion = "Xcode 3.2";
			developmentRegion = en;
			hasScannedForEncodings = 0;
			knownRegions = (
				en,
				Base,
			);
			mainGroup = 481D07551D5A08DE0099CEDF;
			productRefGroup = 481D075F1D5A08DE0099CEDF /* Products */;
			projectDirPath = "";
			projectReferences = (
				{
					ProductGroup = 481D07831D5A099B0099CEDF /* Products */;
					ProjectRef = 481D07821D5A099B0099CEDF /* PuzzleMaker.xcodeproj */;
				},
			);
			projectRoot = "";
			targets = (
				481D075D1D5A08DE0099CEDF /* iOS Example */,
			);
		};
/* End PBXProject section */

/* Begin PBXReferenceProxy section */
		481D07871D5A099B0099CEDF /* PuzzleMaker.framework */ = {
			isa = PBXReferenceProxy;
			fileType = wrapper.framework;
			path = PuzzleMaker.framework;
			remoteRef = 481D07861D5A099B0099CEDF /* PBXContainerItemProxy */;
			sourceTree = BUILT_PRODUCTS_DIR;
		};
		4873FCEF1D893BDC00BB83AF /* PuzzleMakerTests.xctest */ = {
			isa = PBXReferenceProxy;
			fileType = wrapper.cfbundle;
			path = PuzzleMakerTests.xctest;
			remoteRef = 4873FCEE1D893BDC00BB83AF /* PBXContainerItemProxy */;
			sourceTree = BUILT_PRODUCTS_DIR;
		};
/* End PBXReferenceProxy section */

/* Begin PBXResourcesBuildPhase section */
		481D075C1D5A08DE0099CEDF /* Resources */ = {
			isa = PBXResourcesBuildPhase;
			buildActionMask = 2147483647;
			files = (
				481D076C1D5A08DF0099CEDF /* LaunchScreen.storyboard in Resources */,
				481D07691D5A08DF0099CEDF /* Assets.xcassets in Resources */,
				481D07671D5A08DF0099CEDF /* Main.storyboard in Resources */,
			);
			runOnlyForDeploymentPostprocessing = 0;
		};
/* End PBXResourcesBuildPhase section */

/* Begin PBXSourcesBuildPhase section */
		481D075A1D5A08DE0099CEDF /* Sources */ = {
			isa = PBXSourcesBuildPhase;
			buildActionMask = 2147483647;
			files = (
				481D07641D5A08DF0099CEDF /* ViewController.swift in Sources */,
				481D07621D5A08DF0099CEDF /* AppDelegate.swift in Sources */,
			);
			runOnlyForDeploymentPostprocessing = 0;
		};
/* End PBXSourcesBuildPhase section */

/* Begin PBXTargetDependency section */
		481D078D1D5A09E00099CEDF /* PBXTargetDependency */ = {
			isa = PBXTargetDependency;
			name = "PuzzleMaker iOS";
			targetProxy = 481D078C1D5A09E00099CEDF /* PBXContainerItemProxy */;
		};
/* End PBXTargetDependency section */

/* Begin PBXVariantGroup section */
		481D07651D5A08DF0099CEDF /* Main.storyboard */ = {
			isa = PBXVariantGroup;
			children = (
				481D07661D5A08DF0099CEDF /* Base */,
			);
			name = Main.storyboard;
			sourceTree = "<group>";
		};
		481D076A1D5A08DF0099CEDF /* LaunchScreen.storyboard */ = {
			isa = PBXVariantGroup;
			children = (
				481D076B1D5A08DF0099CEDF /* Base */,
			);
			name = LaunchScreen.storyboard;
			sourceTree = "<group>";
		};
/* End PBXVariantGroup section */

/* Begin XCBuildConfiguration section */
		481D076E1D5A08DF0099CEDF /* Debug */ = {
			isa = XCBuildConfiguration;
			buildSettings = {
				ALWAYS_SEARCH_USER_PATHS = NO;
				CLANG_ANALYZER_LOCALIZABILITY_NONLOCALIZED = YES;
				CLANG_ANALYZER_NONNULL = YES;
				CLANG_CXX_LANGUAGE_STANDARD = "gnu++0x";
				CLANG_CXX_LIBRARY = "libc++";
				CLANG_ENABLE_MODULES = YES;
				CLANG_ENABLE_OBJC_ARC = YES;
				CLANG_WARN_BLOCK_CAPTURE_AUTORELEASING = YES;
				CLANG_WARN_BOOL_CONVERSION = YES;
				CLANG_WARN_COMMA = YES;
				CLANG_WARN_CONSTANT_CONVERSION = YES;
				CLANG_WARN_DEPRECATED_OBJC_IMPLEMENTATIONS = YES;
				CLANG_WARN_DIRECT_OBJC_ISA_USAGE = YES_ERROR;
				CLANG_WARN_EMPTY_BODY = YES;
				CLANG_WARN_ENUM_CONVERSION = YES;
				CLANG_WARN_INFINITE_RECURSION = YES;
				CLANG_WARN_INT_CONVERSION = YES;
				CLANG_WARN_NON_LITERAL_NULL_CONVERSION = YES;
				CLANG_WARN_OBJC_IMPLICIT_RETAIN_SELF = YES;
				CLANG_WARN_OBJC_LITERAL_CONVERSION = YES;
				CLANG_WARN_OBJC_ROOT_CLASS = YES_ERROR;
				CLANG_WARN_RANGE_LOOP_ANALYSIS = YES;
				CLANG_WARN_STRICT_PROTOTYPES = YES;
				CLANG_WARN_SUSPICIOUS_MOVE = YES;
				CLANG_WARN_UNREACHABLE_CODE = YES;
				CLANG_WARN__DUPLICATE_METHOD_MATCH = YES;
				"CODE_SIGN_IDENTITY[sdk=iphoneos*]" = "iPhone Developer";
				COPY_PHASE_STRIP = NO;
				DEBUG_INFORMATION_FORMAT = dwarf;
				ENABLE_STRICT_OBJC_MSGSEND = YES;
				ENABLE_TESTABILITY = YES;
				GCC_C_LANGUAGE_STANDARD = gnu99;
				GCC_DYNAMIC_NO_PIC = NO;
				GCC_NO_COMMON_BLOCKS = YES;
				GCC_OPTIMIZATION_LEVEL = 0;
				GCC_PREPROCESSOR_DEFINITIONS = (
					"DEBUG=1",
					"$(inherited)",
				);
				GCC_WARN_64_TO_32_BIT_CONVERSION = YES;
				GCC_WARN_ABOUT_RETURN_TYPE = YES_ERROR;
				GCC_WARN_UNDECLARED_SELECTOR = YES;
				GCC_WARN_UNINITIALIZED_AUTOS = YES_AGGRESSIVE;
				GCC_WARN_UNUSED_FUNCTION = YES;
				GCC_WARN_UNUSED_VARIABLE = YES;
				IPHONEOS_DEPLOYMENT_TARGET = 9.3;
				MTL_ENABLE_DEBUG_INFO = YES;
				ONLY_ACTIVE_ARCH = YES;
				SDKROOT = iphoneos;
				SWIFT_OPTIMIZATION_LEVEL = "-Onone";
				SWIFT_VERSION = 3.0;
				TARGETED_DEVICE_FAMILY = 2;
			};
			name = Debug;
		};
		481D076F1D5A08DF0099CEDF /* Release */ = {
			isa = XCBuildConfiguration;
			buildSettings = {
				ALWAYS_SEARCH_USER_PATHS = NO;
				CLANG_ANALYZER_LOCALIZABILITY_NONLOCALIZED = YES;
				CLANG_ANALYZER_NONNULL = YES;
				CLANG_CXX_LANGUAGE_STANDARD = "gnu++0x";
				CLANG_CXX_LIBRARY = "libc++";
				CLANG_ENABLE_MODULES = YES;
				CLANG_ENABLE_OBJC_ARC = YES;
				CLANG_WARN_BLOCK_CAPTURE_AUTORELEASING = YES;
				CLANG_WARN_BOOL_CONVERSION = YES;
				CLANG_WARN_COMMA = YES;
				CLANG_WARN_CONSTANT_CONVERSION = YES;
				CLANG_WARN_DEPRECATED_OBJC_IMPLEMENTATIONS = YES;
				CLANG_WARN_DIRECT_OBJC_ISA_USAGE = YES_ERROR;
				CLANG_WARN_EMPTY_BODY = YES;
				CLANG_WARN_ENUM_CONVERSION = YES;
				CLANG_WARN_INFINITE_RECURSION = YES;
				CLANG_WARN_INT_CONVERSION = YES;
				CLANG_WARN_NON_LITERAL_NULL_CONVERSION = YES;
				CLANG_WARN_OBJC_IMPLICIT_RETAIN_SELF = YES;
				CLANG_WARN_OBJC_LITERAL_CONVERSION = YES;
				CLANG_WARN_OBJC_ROOT_CLASS = YES_ERROR;
				CLANG_WARN_RANGE_LOOP_ANALYSIS = YES;
				CLANG_WARN_STRICT_PROTOTYPES = YES;
				CLANG_WARN_SUSPICIOUS_MOVE = YES;
				CLANG_WARN_UNREACHABLE_CODE = YES;
				CLANG_WARN__DUPLICATE_METHOD_MATCH = YES;
				"CODE_SIGN_IDENTITY[sdk=iphoneos*]" = "iPhone Developer";
				COPY_PHASE_STRIP = NO;
				DEBUG_INFORMATION_FORMAT = "dwarf-with-dsym";
				ENABLE_NS_ASSERTIONS = NO;
				ENABLE_STRICT_OBJC_MSGSEND = YES;
				GCC_C_LANGUAGE_STANDARD = gnu99;
				GCC_NO_COMMON_BLOCKS = YES;
				GCC_WARN_64_TO_32_BIT_CONVERSION = YES;
				GCC_WARN_ABOUT_RETURN_TYPE = YES_ERROR;
				GCC_WARN_UNDECLARED_SELECTOR = YES;
				GCC_WARN_UNINITIALIZED_AUTOS = YES_AGGRESSIVE;
				GCC_WARN_UNUSED_FUNCTION = YES;
				GCC_WARN_UNUSED_VARIABLE = YES;
				IPHONEOS_DEPLOYMENT_TARGET = 9.3;
				MTL_ENABLE_DEBUG_INFO = NO;
				SDKROOT = iphoneos;
				SWIFT_OPTIMIZATION_LEVEL = "-Owholemodule";
				SWIFT_VERSION = 3.0;
				TARGETED_DEVICE_FAMILY = 2;
				VALIDATE_PRODUCT = YES;
			};
			name = Release;
		};
		481D07711D5A08DF0099CEDF /* Debug */ = {
			isa = XCBuildConfiguration;
			buildSettings = {
				ALWAYS_EMBED_SWIFT_STANDARD_LIBRARIES = YES;
				ASSETCATALOG_COMPILER_APPICON_NAME = AppIcon;
				CODE_SIGN_IDENTITY = "iPhone Developer";
				CODE_SIGN_STYLE = Automatic;
				DEVELOPMENT_TEAM = "";
				INFOPLIST_FILE = "iOS Example/Info.plist";
				LD_RUNPATH_SEARCH_PATHS = "$(inherited) @executable_path/Frameworks";
				PRODUCT_BUNDLE_IDENTIFIER = com.puzzlemaker.iosexample;
				PRODUCT_NAME = "$(TARGET_NAME)";
				PROVISIONING_PROFILE_SPECIFIER = "";
				SWIFT_VERSION = 5.0;
			};
			name = Debug;
		};
		481D07721D5A08DF0099CEDF /* Release */ = {
			isa = XCBuildConfiguration;
			buildSettings = {
				ALWAYS_EMBED_SWIFT_STANDARD_LIBRARIES = YES;
				ASSETCATALOG_COMPILER_APPICON_NAME = AppIcon;
				CODE_SIGN_IDENTITY = "iPhone Developer";
				CODE_SIGN_STYLE = Automatic;
				DEVELOPMENT_TEAM = "";
				INFOPLIST_FILE = "iOS Example/Info.plist";
				LD_RUNPATH_SEARCH_PATHS = "$(inherited) @executable_path/Frameworks";
				PRODUCT_BUNDLE_IDENTIFIER = com.puzzlemaker.iosexample;
				PRODUCT_NAME = "$(TARGET_NAME)";
				PROVISIONING_PROFILE_SPECIFIER = "";
				SWIFT_VERSION = 5.0;
			};
			name = Release;
		};
/* End XCBuildConfiguration section */

/* Begin XCConfigurationList section */
		481D07591D5A08DE0099CEDF /* Build configuration list for PBXProject "iOS Example" */ = {
			isa = XCConfigurationList;
			buildConfigurations = (
				481D076E1D5A08DF0099CEDF /* Debug */,
				481D076F1D5A08DF0099CEDF /* Release */,
			);
			defaultConfigurationIsVisible = 0;
			defaultConfigurationName = Release;
		};
		481D07701D5A08DF0099CEDF /* Build configuration list for PBXNativeTarget "iOS Example" */ = {
			isa = XCConfigurationList;
			buildConfigurations = (
				481D07711D5A08DF0099CEDF /* Debug */,
				481D07721D5A08DF0099CEDF /* Release */,
			);
			defaultConfigurationIsVisible = 0;
			defaultConfigurationName = Release;
		};
/* End XCConfigurationList section */
	};
	rootObject = 481D07561D5A08DE0099CEDF /* Project object */;
}
